
Microsoft Visual Studio Solution File, Format Version 12.00
# Visual Studio Version 17
VisualStudioVersion = 17.7.34024.191
MinimumVisualStudioVersion = 10.0.40219.1
Project("{FAE04EC0-301F-11D3-BF4B-00C04F79EFBC}") = "Find the longest", "Find the longest\Find the longest.csproj", "{F2DF1DA9-3E20-44C8-9307-5D060CB93C50}"
EndProject
Global
	GlobalSection(SolutionConfigurationPlatforms) = preSolution
		Debug|Any CPU = Debug|Any CPU
		Release|Any CPU = Release|Any CPU
	EndGlobalSection
	GlobalSection(ProjectConfigurationPlatforms) = postSolution
		{F2DF1DA9-3E20-44C8-9307-5D060CB93C50}.Debug|Any CPU.ActiveCfg = Debug|Any CPU
		{F2DF1DA9-3E20-44C8-9307-5D060CB93C50}.Debug|Any CPU.Build.0 = Debug|Any CPU
		{F2DF1DA9-3E20-44C8-9307-5D060CB93C50}.Release|Any CPU.ActiveCfg = Release|Any CPU
		{F2DF1DA9-3E20-44C8-9307-5D060CB93C50}.Release|Any CPU.Build.0 = Release|Any CPU
	EndGlobalSection
	GlobalSection(SolutionProperties) = preSolution
		HideSolutionNode = FALSE
	EndGlobalSection
	GlobalSection(ExtensibilityGlobals) = postSolution
		SolutionGuid = {7AE8A31C-215C-448C-8E9D-FF59924B6E63}
	EndGlobalSection
EndGlobal
